
Microsoft Visual Studio Solution File, Format Version 12.00
# Visual Studio 16
Project("{FAE04EC0-301F-11D3-BF4B-00C04F79EFBC}") = "Assembly-CSharp", "Assembly-CSharp.csproj", "{79AC44CD-E232-7664-985E-2396CC20F5EA}"
EndProject
Project("{FAE04EC0-301F-11D3-BF4B-00C04F79EFBC}") = "Assembly-CSharp-Editor", "Assembly-CSharp-Editor.csproj", "{2CF60E92-E7D7-F5EF-9FBF-DA722B9B3422}"
EndProject
Global
	GlobalSection(SolutionConfigurationPlatforms) = preSolution
		Debug|Any CPU = Debug|Any CPU
		Release|Any CPU = Release|Any CPU
	EndGlobalSection
	GlobalSection(ProjectConfigurationPlatforms) = postSolution
		{79AC44CD-E232-7664-985E-2396CC20F5EA}.Debug|Any CPU.ActiveCfg = Debug|Any CPU
		{79AC44CD-E232-7664-985E-2396CC20F5EA}.Debug|Any CPU.Build.0 = Debug|Any CPU
		{79AC44CD-E232-7664-985E-2396CC20F5EA}.Release|Any CPU.ActiveCfg = Release|Any CPU
		{79AC44CD-E232-7664-985E-2396CC20F5EA}.Release|Any CPU.Build.0 = Release|Any CPU
		{2CF60E92-E7D7-F5EF-9FBF-DA722B9B3422}.Debug|Any CPU.ActiveCfg = Debug|Any CPU
		{2CF60E92-E7D7-F5EF-9FBF-DA722B9B3422}.Debug|Any CPU.Build.0 = Debug|Any CPU
		{2CF60E92-E7D7-F5EF-9FBF-DA722B9B3422}.Release|Any CPU.ActiveCfg = Release|Any CPU
		{2CF60E92-E7D7-F5EF-9FBF-DA722B9B3422}.Release|Any CPU.Build.0 = Release|Any CPU
	EndGlobalSection
	GlobalSection(SolutionProperties) = preSolution
		HideSolutionNode = FALSE
	EndGlobalSection
EndGlobal
